github.com/confluentinc/confluent-kafka-go/v2 v2.5.0 h1:PM18lA9g6u6Qcz06DpXmGRlxXTvWlHqnlAkQi1chPUo=
github.com/confluentinc/confluent-kafka-go/v2 v2.5.0/go.mod h1:Hyo+IIQ/tmsfkOcRP8T6VlSeOW3T33v0Me8Xvq4u90Y=
github.com/gorilla/websocket v1.5.3 h1:saDtZ6Pbx/0u+bgYQ3q96pZgCzfhKXGPqt7kZ72aNNg=
github.com/gorilla/websocket v1.5.3/go.mod h1:YR8l580nyteQvAITg2hZ9XVh4b55+EU/adAjf1fMHhE=
